
Microsoft Visual Studio Solution File, Format Version 12.00
# Visual Studio Version 17
VisualStudioVersion = 17.1.32407.343
MinimumVisualStudioVersion = 10.0.40219.1
Project("{9A19103F-16F7-4668-BE54-9A1E7A4F7556}") = "API", "API\API.csproj", "{CA03AD2A-CAA3-4B39-8B73-CB5CCBDE4DCF}"
EndProject
Project("{FAE04EC0-301F-11D3-BF4B-00C04F79EFBC}") = "Core", "Core\Core.csproj", "{2776AF34-C198-4253-AAD4-70E039534025}"
EndProject
Project("{FAE04EC0-301F-11D3-BF4B-00C04F79EFBC}") = "Infrastructure", "Infrastructure\Infrastructure.csproj", "{529C9BD4-3FE1-4A0C-9534-9A592503ED28}"
EndProject
Global
	GlobalSection(SolutionConfigurationPlatforms) = preSolution
		Debug|Any CPU = Debug|Any CPU
		Release|Any CPU = Release|Any CPU
	EndGlobalSection
	GlobalSection(ProjectConfigurationPlatforms) = postSolution
		{CA03AD2A-CAA3-4B39-8B73-CB5CCBDE4DCF}.Debug|Any CPU.ActiveCfg = Debug|Any CPU
		{CA03AD2A-CAA3-4B39-8B73-CB5CCBDE4DCF}.Debug|Any CPU.Build.0 = Debug|Any CPU
		{CA03AD2A-CAA3-4B39-8B73-CB5CCBDE4DCF}.Release|Any CPU.ActiveCfg = Release|Any CPU
		{CA03AD2A-CAA3-4B39-8B73-CB5CCBDE4DCF}.Release|Any CPU.Build.0 = Release|Any CPU
		{2776AF34-C198-4253-AAD4-70E039534025}.Debug|Any CPU.ActiveCfg = Debug|Any CPU
		{2776AF34-C198-4253-AAD4-70E039534025}.Debug|Any CPU.Build.0 = Debug|Any CPU
		{2776AF34-C198-4253-AAD4-70E039534025}.Release|Any CPU.ActiveCfg = Release|Any CPU
		{2776AF34-C198-4253-AAD4-70E039534025}.Release|Any CPU.Build.0 = Release|Any CPU
		{529C9BD4-3FE1-4A0C-9534-9A592503ED28}.Debug|Any CPU.ActiveCfg = Debug|Any CPU
		{529C9BD4-3FE1-4A0C-9534-9A592503ED28}.Debug|Any CPU.Build.0 = Debug|Any CPU
		{529C9BD4-3FE1-4A0C-9534-9A592503ED28}.Release|Any CPU.ActiveCfg = Release|Any CPU
		{529C9BD4-3FE1-4A0C-9534-9A592503ED28}.Release|Any CPU.Build.0 = Release|Any CPU
	EndGlobalSection
	GlobalSection(SolutionProperties) = preSolution
		HideSolutionNode = FALSE
	EndGlobalSection
	GlobalSection(ExtensibilityGlobals) = postSolution
		SolutionGuid = {2C3D2A50-69D7-455C-B13F-BA5926D2ACC0}
	EndGlobalSection
EndGlobal
